
Microsoft Visual Studio Solution File, Format Version 12.00
# Visual Studio Version 17
VisualStudioVersion = 17.4.33205.214
MinimumVisualStudioVersion = 10.0.40219.1
Project("{2150E333-8FDC-42A3-9474-1A3956D46DE8}") = "src", "src", "{2B3DBDEA-3116-48C8-B39A-2D909B6ADAC4}"
EndProject
Project("{2150E333-8FDC-42A3-9474-1A3956D46DE8}") = "tests", "tests", "{DC0DE5B3-3C1D-43A4-9971-7B64828999A7}"
EndProject
Project("{FAE04EC0-301F-11D3-BF4B-00C04F79EFBC}") = "Domain", "Domain\Domain.csproj", "{4E1AF810-4AF7-48F0-9A29-7AD0BAFFB2BF}"
EndProject
Project("{FAE04EC0-301F-11D3-BF4B-00C04F79EFBC}") = "Infrastructure", "Infrastructure\Infrastructure.csproj", "{57DD168C-B1D7-46BB-ADBA-2BB461B880F5}"
EndProject
Project("{FAE04EC0-301F-11D3-BF4B-00C04F79EFBC}") = "UI", "UI\UI.csproj", "{5E0ED9BE-9231-4383-968A-A36819199D92}"
EndProject
Project("{FAE04EC0-301F-11D3-BF4B-00C04F79EFBC}") = "Application", "src\Application\Application.csproj", "{5EBB25E0-E7CC-44F0-8C7D-B1B592FF0CD5}"
EndProject
Global
	GlobalSection(SolutionConfigurationPlatforms) = preSolution
		Debug|Any CPU = Debug|Any CPU
		Release|Any CPU = Release|Any CPU
	EndGlobalSection
	GlobalSection(ProjectConfigurationPlatforms) = postSolution
		{4E1AF810-4AF7-48F0-9A29-7AD0BAFFB2BF}.Debug|Any CPU.ActiveCfg = Debug|Any CPU
		{4E1AF810-4AF7-48F0-9A29-7AD0BAFFB2BF}.Debug|Any CPU.Build.0 = Debug|Any CPU
		{4E1AF810-4AF7-48F0-9A29-7AD0BAFFB2BF}.Release|Any CPU.ActiveCfg = Release|Any CPU
		{4E1AF810-4AF7-48F0-9A29-7AD0BAFFB2BF}.Release|Any CPU.Build.0 = Release|Any CPU
		{57DD168C-B1D7-46BB-ADBA-2BB461B880F5}.Debug|Any CPU.ActiveCfg = Debug|Any CPU
		{57DD168C-B1D7-46BB-ADBA-2BB461B880F5}.Debug|Any CPU.Build.0 = Debug|Any CPU
		{57DD168C-B1D7-46BB-ADBA-2BB461B880F5}.Release|Any CPU.ActiveCfg = Release|Any CPU
		{57DD168C-B1D7-46BB-ADBA-2BB461B880F5}.Release|Any CPU.Build.0 = Release|Any CPU
		{5E0ED9BE-9231-4383-968A-A36819199D92}.Debug|Any CPU.ActiveCfg = Debug|Any CPU
		{5E0ED9BE-9231-4383-968A-A36819199D92}.Debug|Any CPU.Build.0 = Debug|Any CPU
		{5E0ED9BE-9231-4383-968A-A36819199D92}.Release|Any CPU.ActiveCfg = Release|Any CPU
		{5E0ED9BE-9231-4383-968A-A36819199D92}.Release|Any CPU.Build.0 = Release|Any CPU
		{5EBB25E0-E7CC-44F0-8C7D-B1B592FF0CD5}.Debug|Any CPU.ActiveCfg = Debug|Any CPU
		{5EBB25E0-E7CC-44F0-8C7D-B1B592FF0CD5}.Debug|Any CPU.Build.0 = Debug|Any CPU
		{5EBB25E0-E7CC-44F0-8C7D-B1B592FF0CD5}.Release|Any CPU.ActiveCfg = Release|Any CPU
		{5EBB25E0-E7CC-44F0-8C7D-B1B592FF0CD5}.Release|Any CPU.Build.0 = Release|Any CPU
	EndGlobalSection
	GlobalSection(SolutionProperties) = preSolution
		HideSolutionNode = FALSE
	EndGlobalSection
	GlobalSection(NestedProjects) = preSolution
		{4E1AF810-4AF7-48F0-9A29-7AD0BAFFB2BF} = {2B3DBDEA-3116-48C8-B39A-2D909B6ADAC4}
		{57DD168C-B1D7-46BB-ADBA-2BB461B880F5} = {2B3DBDEA-3116-48C8-B39A-2D909B6ADAC4}
		{5E0ED9BE-9231-4383-968A-A36819199D92} = {2B3DBDEA-3116-48C8-B39A-2D909B6ADAC4}
		{5EBB25E0-E7CC-44F0-8C7D-B1B592FF0CD5} = {2B3DBDEA-3116-48C8-B39A-2D909B6ADAC4}
	EndGlobalSection
	GlobalSection(ExtensibilityGlobals) = postSolution
		SolutionGuid = {1F933A22-846A-48E7-9E14-D4C9802B93F9}
	EndGlobalSection
EndGlobal
